
Microsoft Visual Studio Solution File, Format Version 12.00
# Visual Studio Version 16
VisualStudioVersion = 16.0.30114.105
MinimumVisualStudioVersion = 10.0.40219.1
Project("{FAE04EC0-301F-11D3-BF4B-00C04F79EFBC}") = "lab07", "lab07\lab07.csproj", "{2B4CA63C-7520-4746-915C-1858C58AC7CA}"
EndProject
Global
	GlobalSection(SolutionConfigurationPlatforms) = preSolution
		Debug|Any CPU = Debug|Any CPU
		Release|Any CPU = Release|Any CPU
	EndGlobalSection
	GlobalSection(SolutionProperties) = preSolution
		HideSolutionNode = FALSE
	EndGlobalSection
	GlobalSection(ProjectConfigurationPlatforms) = postSolution
		{2B4CA63C-7520-4746-915C-1858C58AC7CA}.Debug|Any CPU.ActiveCfg = Debug|Any CPU
		{2B4CA63C-7520-4746-915C-1858C58AC7CA}.Debug|Any CPU.Build.0 = Debug|Any CPU
		{2B4CA63C-7520-4746-915C-1858C58AC7CA}.Release|Any CPU.ActiveCfg = Release|Any CPU
		{2B4CA63C-7520-4746-915C-1858C58AC7CA}.Release|Any CPU.Build.0 = Release|Any CPU
	EndGlobalSection
EndGlobal
